
Microsoft Visual Studio Solution File, Format Version 12.00
# Visual Studio Version 16
VisualStudioVersion = 16.0.29905.134
MinimumVisualStudioVersion = 10.0.40219.1
Project("{FAE04EC0-301F-11D3-BF4B-00C04F79EFBC}") = "HTKTennisclub.Web.Server", "HTKTennisclub.Web.Server\HTKTennisclub.Web.Server.csproj", "{3D29607B-F6E3-487C-A4EA-9E71268FB65D}"
EndProject
Project("{FAE04EC0-301F-11D3-BF4B-00C04F79EFBC}") = "HTKTennisclub.Repository", "HTKTennisclub.Repository\HTKTennisclub.Repository.csproj", "{3498705F-50EA-4937-A3FC-0A451BAB8501}"
EndProject
Project("{FAE04EC0-301F-11D3-BF4B-00C04F79EFBC}") = "HTKTennisclub.GUI", "HTKTennisclub.GUI\HTKTennisclub.GUI.csproj", "{AB2001CC-E945-48CD-8A94-7301D8AC72FF}"
EndProject
Global
	GlobalSection(SolutionConfigurationPlatforms) = preSolution
		Debug|Any CPU = Debug|Any CPU
		Release|Any CPU = Release|Any CPU
	EndGlobalSection
	GlobalSection(ProjectConfigurationPlatforms) = postSolution
		{3D29607B-F6E3-487C-A4EA-9E71268FB65D}.Debug|Any CPU.ActiveCfg = Debug|Any CPU
		{3D29607B-F6E3-487C-A4EA-9E71268FB65D}.Debug|Any CPU.Build.0 = Debug|Any CPU
		{3D29607B-F6E3-487C-A4EA-9E71268FB65D}.Release|Any CPU.ActiveCfg = Release|Any CPU
		{3D29607B-F6E3-487C-A4EA-9E71268FB65D}.Release|Any CPU.Build.0 = Release|Any CPU
		{3498705F-50EA-4937-A3FC-0A451BAB8501}.Debug|Any CPU.ActiveCfg = Debug|Any CPU
		{3498705F-50EA-4937-A3FC-0A451BAB8501}.Debug|Any CPU.Build.0 = Debug|Any CPU
		{3498705F-50EA-4937-A3FC-0A451BAB8501}.Release|Any CPU.ActiveCfg = Release|Any CPU
		{3498705F-50EA-4937-A3FC-0A451BAB8501}.Release|Any CPU.Build.0 = Release|Any CPU
		{AB2001CC-E945-48CD-8A94-7301D8AC72FF}.Debug|Any CPU.ActiveCfg = Debug|Any CPU
		{AB2001CC-E945-48CD-8A94-7301D8AC72FF}.Debug|Any CPU.Build.0 = Debug|Any CPU
		{AB2001CC-E945-48CD-8A94-7301D8AC72FF}.Release|Any CPU.ActiveCfg = Release|Any CPU
		{AB2001CC-E945-48CD-8A94-7301D8AC72FF}.Release|Any CPU.Build.0 = Release|Any CPU
	EndGlobalSection
	GlobalSection(SolutionProperties) = preSolution
		HideSolutionNode = FALSE
	EndGlobalSection
	GlobalSection(ExtensibilityGlobals) = postSolution
		SolutionGuid = {BEFFEAE6-F55D-4C19-8121-909139E99457}
	EndGlobalSection
EndGlobal
